Microsoft Visual Studio Solution File, Format Version 12.00
# Visual Studio 2012
Project("{FAE04EC0-301F-11D3-BF4B-00C04F79EFBC}") = "Sprite Test", "Sprite Test.csproj", "{C507A644-923E-41AB-A061-0BB068E7CD0B}"
EndProject
Global
	GlobalSection(SolutionConfigurationPlatforms) = preSolution
	Debug|Any CPU = Debug|Any CPU
	Release|Any CPU = Release|Any CPU
	Tools|Any CPU = Tools|Any CPU
	EndGlobalSection
	GlobalSection(ProjectConfigurationPlatforms) = postSolution
		{C507A644-923E-41AB-A061-0BB068E7CD0B}.Debug|Any CPU.ActiveCfg = Debug|Any CPU
		{C507A644-923E-41AB-A061-0BB068E7CD0B}.Debug|Any CPU.Build.0 = Debug|Any CPU
		{C507A644-923E-41AB-A061-0BB068E7CD0B}.Release|Any CPU.ActiveCfg = Release|Any CPU
		{C507A644-923E-41AB-A061-0BB068E7CD0B}.Release|Any CPU.Build.0 = Release|Any CPU
		{C507A644-923E-41AB-A061-0BB068E7CD0B}.Tools|Any CPU.ActiveCfg = Tools|Any CPU
		{C507A644-923E-41AB-A061-0BB068E7CD0B}.Tools|Any CPU.Build.0 = Tools|Any CPU
	EndGlobalSection
EndGlobal
